{
  "name": "Swoopa",
  "lockfileVersion": 3,
  "requires": true,
  "packages": {
    "": {
      "dependencies": {
        "@fontsource/galindo": "^5.2.8"
      }
    },
    "node_modules/@fontsource/galindo": {
      "version": "5.2.8",
      "resolved": "https://registry.npmjs.org/@fontsource/galindo/-/galindo-5.2.8.tgz",
      "integrity": "sha512-z56RgtiMBsfS+MDR47EN6UPwkOBoAdMgJTkzGJ/ZifY7n2i0T7IPT+rhaygV8Odj7VI/Qo61TAUl8WJsYJ/lbQ==",
      "license": "OFL-1.1",
      "funding": {
        "url": "https://github.com/sponsors/ayuhito"
      }
    }
  }
}
